// !$*UTF8*$!
{
	archiveVersion = 1;
	classes = {
	};
	objectVersion = 46;
	objects = {

/* Begin PBXBuildFile section */
		1436A574182B1C5E00C65735 /* Foundation.framework in Frameworks */ = {isa = PBXBuildFile; fileRef = 1436A573182B1C5E00C65735 /* Foundation.framework */; };
		1436A576182B1C5E00C65735 /* CoreGraphics.framework in Frameworks */ = {isa = PBXBuildFile; fileRef = 1436A575182B1C5E00C65735 /* CoreGraphics.framework */; };
		1436A578182B1C5E00C65735 /* UIKit.framework in Frameworks */ = {isa = PBXBuildFile; fileRef = 1436A577182B1C5E00C65735 /* UIKit.framework */; };
		1436A57E182B1C5E00C65735 /* InfoPlist.strings in Resources */ = {isa = PBXBuildFile; fileRef = 1436A57C182B1C5E00C65735 /* InfoPlist.strings */; };
		1436A580182B1C5E00C65735 /* main.m in Sources */ = {isa = PBXBuildFile; fileRef = 1436A57F182B1C5E00C65735 /* main.m */; };
		1436A584182B1C5E00C65735 /* AppDelegate.m in Sources */ = {isa = PBXBuildFile; fileRef = 1436A583182B1C5E00C65735 /* AppDelegate.m */; };
		1436A587182B1C5E00C65735 /* Main_iPhone.storyboard in Resources */ = {isa = PBXBuildFile; fileRef = 1436A585182B1C5E00C65735 /* Main_iPhone.storyboard */; };
		1436A58A182B1C5E00C65735 /* Main_iPad.storyboard in Resources */ = {isa = PBXBuildFile; fileRef = 1436A588182B1C5E00C65735 /* Main_iPad.storyboard */; };
		1436A58D182B1C5E00C65735 /* ViewController.m in Sources */ = {isa = PBXBuildFile; fileRef = 1436A58C182B1C5E00C65735 /* ViewController.m */; };
		1436A58F182B1C5E00C65735 /* Images.xcassets in Resources */ = {isa = PBXBuildFile; fileRef = 1436A58E182B1C5E00C65735 /* Images.xcassets */; };
		148E2DA5182C33770066D8A2 /* UZInputCandidateAccessory.m in Sources */ = {isa = PBXBuildFile; fileRef = 148E2DA4182C33770066D8A2 /* UZInputCandidateAccessory.m */; };
		148E2DAB182C33860066D8A2 /* Foundation.framework in Frameworks */ = {isa = PBXBuildFile; fileRef = 1436A573182B1C5E00C65735 /* Foundation.framework */; };
		148E2DCC182C34120066D8A2 /* UZInputCandidateAccessory.m in Sources */ = {isa = PBXBuildFile; fileRef = 148E2DA4182C33770066D8A2 /* UZInputCandidateAccessory.m */; };
/* End PBXBuildFile section */

/* Begin PBXCopyFilesBuildPhase section */
		148E2DA8182C33860066D8A2 /* CopyFiles */ = {
			isa = PBXCopyFilesBuildPhase;
			buildActionMask = 2147483647;
			dstPath = "include/$(PRODUCT_NAME)";
			dstSubfolderSpec = 16;
			files = (
			);
			runOnlyForDeploymentPostprocessing = 0;
		};
/* End PBXCopyFilesBuildPhase section */

/* Begin PBXFileReference section */
		1436A570182B1C5E00C65735 /* InputCandidateView.app */ = {isa = PBXFileReference; explicitFileType = wrapper.application; includeInIndex = 0; path = InputCandidateView.app; sourceTree = BUILT_PRODUCTS_DIR; };
		1436A573182B1C5E00C65735 /* Foundation.framework */ = {isa = PBXFileReference; lastKnownFileType = wrapper.framework; name = Foundation.framework; path = System/Library/Frameworks/Foundation.framework; sourceTree = SDKROOT; };
		1436A575182B1C5E00C65735 /* CoreGraphics.framework */ = {isa = PBXFileReference; lastKnownFileType = wrapper.framework; name = CoreGraphics.framework; path = System/Library/Frameworks/CoreGraphics.framework; sourceTree = SDKROOT; };
		1436A577182B1C5E00C65735 /* UIKit.framework */ = {isa = PBXFileReference; lastKnownFileType = wrapper.framework; name = UIKit.framework; path = System/Library/Frameworks/UIKit.framework; sourceTree = SDKROOT; };
		1436A57B182B1C5E00C65735 /* InputCandidateView-Info.plist */ = {isa = PBXFileReference; lastKnownFileType = text.plist.xml; path = "InputCandidateView-Info.plist"; sourceTree = "<group>"; };
		1436A57D182B1C5E00C65735 /* en */ = {isa = PBXFileReference; lastKnownFileType = text.plist.strings; name = en; path = en.lproj/InfoPlist.strings; sourceTree = "<group>"; };
		1436A57F182B1C5E00C65735 /* main.m */ = {isa = PBXFileReference; lastKnownFileType = sourcecode.c.objc; path = main.m; sourceTree = "<group>"; };
		1436A581182B1C5E00C65735 /* InputCandidateView-Prefix.pch */ = {isa = PBXFileReference; lastKnownFileType = sourcecode.c.h; path = "InputCandidateView-Prefix.pch"; sourceTree = "<group>"; };
		1436A582182B1C5E00C65735 /* AppDelegate.h */ = {isa = PBXFileReference; lastKnownFileType = sourcecode.c.h; path = AppDelegate.h; sourceTree = "<group>"; };
		1436A583182B1C5E00C65735 /* AppDelegate.m */ = {isa = PBXFileReference; lastKnownFileType = sourcecode.c.objc; path = AppDelegate.m; sourceTree = "<group>"; };
		1436A586182B1C5E00C65735 /* Base */ = {isa = PBXFileReference; lastKnownFileType = file.storyboard; name = Base; path = Base.lproj/Main_iPhone.storyboard; sourceTree = "<group>"; };
		1436A589182B1C5E00C65735 /* Base */ = {isa = PBXFileReference; lastKnownFileType = file.storyboard; name = Base; path = Base.lproj/Main_iPad.storyboard; sourceTree = "<group>"; };
		1436A58B182B1C5E00C65735 /* ViewController.h */ = {isa = PBXFileReference; lastKnownFileType = sourcecode.c.h; path = ViewController.h; sourceTree = "<group>"; };
		1436A58C182B1C5E00C65735 /* ViewController.m */ = {isa = PBXFileReference; lastKnownFileType = sourcecode.c.objc; path = ViewController.m; sourceTree = "<group>"; };
		1436A58E182B1C5E00C65735 /* Images.xcassets */ = {isa = PBXFileReference; lastKnownFileType = folder.assetcatalog; path = Images.xcassets; sourceTree = "<group>"; };
		1436A595182B1C5E00C65735 /* XCTest.framework */ = {isa = PBXFileReference; lastKnownFileType = wrapper.framework; name = XCTest.framework; path = Library/Frameworks/XCTest.framework; sourceTree = DEVELOPER_DIR; };
		148E2DA3182C33770066D8A2 /* UZInputCandidateAccessory.h */ = {isa = PBXFileReference; fileEncoding = 4; lastKnownFileType = sourcecode.c.h; path = UZInputCandidateAccessory.h; sourceTree = "<group>"; };
		148E2DA4182C33770066D8A2 /* UZInputCandidateAccessory.m */ = {isa = PBXFileReference; fileEncoding = 4; lastKnownFileType = sourcecode.c.objc; path = UZInputCandidateAccessory.m; sourceTree = "<group>"; };
		148E2DAA182C33860066D8A2 /* libUZInputCandidateAccessory.a */ = {isa = PBXFileReference; explicitFileType = archive.ar; includeInIndex = 0; path = libUZInputCandidateAccessory.a; sourceTree = BUILT_PRODUCTS_DIR; };
/* End PBXFileReference section */

/* Begin PBXFrameworksBuildPhase section */
		1436A56D182B1C5E00C65735 /* Frameworks */ = {
			isa = PBXFrameworksBuildPhase;
			buildActionMask = 2147483647;
			files = (
				1436A576182B1C5E00C65735 /* CoreGraphics.framework in Frameworks */,
				1436A578182B1C5E00C65735 /* UIKit.framework in Frameworks */,
				1436A574182B1C5E00C65735 /* Foundation.framework in Frameworks */,
			);
			runOnlyForDeploymentPostprocessing = 0;
		};
		148E2DA7182C33860066D8A2 /* Frameworks */ = {
			isa = PBXFrameworksBuildPhase;
			buildActionMask = 2147483647;
			files = (
				148E2DAB182C33860066D8A2 /* Foundation.framework in Frameworks */,
			);
			runOnlyForDeploymentPostprocessing = 0;
		};
/* End PBXFrameworksBuildPhase section */

/* Begin PBXGroup section */
		1436A567182B1C5E00C65735 = {
			isa = PBXGroup;
			children = (
				148E2DA2182C33770066D8A2 /* UZInputCandidateAccessory */,
				1436A579182B1C5E00C65735 /* InputCandidateView */,
				1436A572182B1C5E00C65735 /* Frameworks */,
				1436A571182B1C5E00C65735 /* Products */,
			);
			sourceTree = "<group>";
		};
		1436A571182B1C5E00C65735 /* Products */ = {
			isa = PBXGroup;
			children = (
				1436A570182B1C5E00C65735 /* InputCandidateView.app */,
				148E2DAA182C33860066D8A2 /* libUZInputCandidateAccessory.a */,
			);
			name = Products;
			sourceTree = "<group>";
		};
		1436A572182B1C5E00C65735 /* Frameworks */ = {
			isa = PBXGroup;
			children = (
				1436A573182B1C5E00C65735 /* Foundation.framework */,
				1436A575182B1C5E00C65735 /* CoreGraphics.framework */,
				1436A577182B1C5E00C65735 /* UIKit.framework */,
				1436A595182B1C5E00C65735 /* XCTest.framework */,
			);
			name = Frameworks;
			sourceTree = "<group>";
		};
		1436A579182B1C5E00C65735 /* InputCandidateView */ = {
			isa = PBXGroup;
			children = (
				1436A582182B1C5E00C65735 /* AppDelegate.h */,
				1436A583182B1C5E00C65735 /* AppDelegate.m */,
				1436A585182B1C5E00C65735 /* Main_iPhone.storyboard */,
				1436A588182B1C5E00C65735 /* Main_iPad.storyboard */,
				1436A58B182B1C5E00C65735 /* ViewController.h */,
				1436A58C182B1C5E00C65735 /* ViewController.m */,
				1436A58E182B1C5E00C65735 /* Images.xcassets */,
				1436A57A182B1C5E00C65735 /* Supporting Files */,
			);
			path = InputCandidateView;
			sourceTree = "<group>";
		};
		1436A57A182B1C5E00C65735 /* Supporting Files */ = {
			isa = PBXGroup;
			children = (
				1436A57B182B1C5E00C65735 /* InputCandidateView-Info.plist */,
				1436A57C182B1C5E00C65735 /* InfoPlist.strings */,
				1436A57F182B1C5E00C65735 /* main.m */,
				1436A581182B1C5E00C65735 /* InputCandidateView-Prefix.pch */,
			);
			name = "Supporting Files";
			sourceTree = "<group>";
		};
		148E2DA2182C33770066D8A2 /* UZInputCandidateAccessory */ = {
			isa = PBXGroup;
			children = (
				148E2DA3182C33770066D8A2 /* UZInputCandidateAccessory.h */,
				148E2DA4182C33770066D8A2 /* UZInputCandidateAccessory.m */,
			);
			path = UZInputCandidateAccessory;
			sourceTree = "<group>";
		};
/* End PBXGroup section */

/* Begin PBXNativeTarget section */
		1436A56F182B1C5E00C65735 /* InputCandidateView */ = {
			isa = PBXNativeTarget;
			buildConfigurationList = 1436A5A5182B1C5E00C65735 /* Build configuration list for PBXNativeTarget "InputCandidateView" */;
			buildPhases = (
				1436A56C182B1C5E00C65735 /* Sources */,
				1436A56D182B1C5E00C65735 /* Frameworks */,
				1436A56E182B1C5E00C65735 /* Resources */,
			);
			buildRules = (
			);
			dependencies = (
			);
			name = InputCandidateView;
			productName = InputCandidateView;
			productReference = 1436A570182B1C5E00C65735 /* InputCandidateView.app */;
			productType = "com.apple.product-type.application";
		};
		148E2DA9182C33860066D8A2 /* UZInputCandidateAccessory */ = {
			isa = PBXNativeTarget;
			buildConfigurationList = 148E2DC6182C33860066D8A2 /* Build configuration list for PBXNativeTarget "UZInputCandidateAccessory" */;
			buildPhases = (
				148E2DA6182C33860066D8A2 /* Sources */,
				148E2DA7182C33860066D8A2 /* Frameworks */,
				148E2DA8182C33860066D8A2 /* CopyFiles */,
				148E2DCD182C367F0066D8A2 /* ShellScript */,
			);
			buildRules = (
			);
			dependencies = (
			);
			name = UZInputCandidateAccessory;
			productName = UZInputCandidateAccessory;
			productReference = 148E2DAA182C33860066D8A2 /* libUZInputCandidateAccessory.a */;
			productType = "com.apple.product-type.library.static";
		};
/* End PBXNativeTarget section */

/* Begin PBXProject section */
		1436A568182B1C5E00C65735 /* Project object */ = {
			isa = PBXProject;
			attributes = {
				LastUpgradeCheck = 0510;
				ORGANIZATIONNAME = sonson;
			};
			buildConfigurationList = 1436A56B182B1C5E00C65735 /* Build configuration list for PBXProject "InputCandidateView" */;
			compatibilityVersion = "Xcode 3.2";
			developmentRegion = English;
			hasScannedForEncodings = 0;
			knownRegions = (
				en,
				Base,
			);
			mainGroup = 1436A567182B1C5E00C65735;
			productRefGroup = 1436A571182B1C5E00C65735 /* Products */;
			projectDirPath = "";
			projectRoot = "";
			targets = (
				148E2DA9182C33860066D8A2 /* UZInputCandidateAccessory */,
				1436A56F182B1C5E00C65735 /* InputCandidateView */,
			);
		};
/* End PBXProject section */

/* Begin PBXResourcesBuildPhase section */
		1436A56E182B1C5E00C65735 /* Resources */ = {
			isa = PBXResourcesBuildPhase;
			buildActionMask = 2147483647;
			files = (
				1436A58A182B1C5E00C65735 /* Main_iPad.storyboard in Resources */,
				1436A58F182B1C5E00C65735 /* Images.xcassets in Resources */,
				1436A587182B1C5E00C65735 /* Main_iPhone.storyboard in Resources */,
				1436A57E182B1C5E00C65735 /* InfoPlist.strings in Resources */,
			);
			runOnlyForDeploymentPostprocessing = 0;
		};
/* End PBXResourcesBuildPhase section */

/* Begin PBXShellScriptBuildPhase section */
		148E2DCD182C367F0066D8A2 /* ShellScript */ = {
			isa = PBXShellScriptBuildPhase;
			buildActionMask = 2147483647;
			files = (
			);
			inputPaths = (
			);
			outputPaths = (
			);
			runOnlyForDeploymentPostprocessing = 0;
			shellPath = /bin/sh;
			shellScript = "if [ -x /usr/local/bin/appledoc ]; then\necho \"appledoc is found and executable, will start to create documentation.\"\n/usr/local/bin/appledoc --project-name UZTextView --project-company sonson --create-html --no-create-docset --no-repeat-first-par --output $SRCROOT ./UZInputCandidateAccessory/\nelse\necho \"appledoc is not found\"\nfi";
		};
/* End PBXShellScriptBuildPhase section */

/* Begin PBXSourcesBuildPhase section */
		1436A56C182B1C5E00C65735 /* Sources */ = {
			isa = PBXSourcesBuildPhase;
			buildActionMask = 2147483647;
			files = (
				1436A58D182B1C5E00C65735 /* ViewController.m in Sources */,
				1436A584182B1C5E00C65735 /* AppDelegate.m in Sources */,
				148E2DA5182C33770066D8A2 /* UZInputCandidateAccessory.m in Sources */,
				1436A580182B1C5E00C65735 /* main.m in Sources */,
			);
			runOnlyForDeploymentPostprocessing = 0;
		};
		148E2DA6182C33860066D8A2 /* Sources */ = {
			isa = PBXSourcesBuildPhase;
			buildActionMask = 2147483647;
			files = (
				148E2DCC182C34120066D8A2 /* UZInputCandidateAccessory.m in Sources */,
			);
			runOnlyForDeploymentPostprocessing = 0;
		};
/* End PBXSourcesBuildPhase section */

/* Begin PBXVariantGroup section */
		1436A57C182B1C5E00C65735 /* InfoPlist.strings */ = {
			isa = PBXVariantGroup;
			children = (
				1436A57D182B1C5E00C65735 /* en */,
			);
			name = InfoPlist.strings;
			sourceTree = "<group>";
		};
		1436A585182B1C5E00C65735 /* Main_iPhone.storyboard */ = {
			isa = PBXVariantGroup;
			children = (
				1436A586182B1C5E00C65735 /* Base */,
			);
			name = Main_iPhone.storyboard;
			sourceTree = "<group>";
		};
		1436A588182B1C5E00C65735 /* Main_iPad.storyboard */ = {
			isa = PBXVariantGroup;
			children = (
				1436A589182B1C5E00C65735 /* Base */,
			);
			name = Main_iPad.storyboard;
			sourceTree = "<group>";
		};
/* End PBXVariantGroup section */

/* Begin XCBuildConfiguration section */
		1436A5A3182B1C5E00C65735 /* Debug */ = {
			isa = XCBuildConfiguration;
			buildSettings = {
				ALWAYS_SEARCH_USER_PATHS = NO;
				CLANG_CXX_LANGUAGE_STANDARD = "gnu++0x";
				CLANG_CXX_LIBRARY = "libc++";
				CLANG_ENABLE_MODULES = YES;
				CLANG_ENABLE_OBJC_ARC = YES;
				CLANG_WARN_BOOL_CONVERSION = YES;
				CLANG_WARN_CONSTANT_CONVERSION = YES;
				CLANG_WARN_DIRECT_OBJC_ISA_USAGE = YES_ERROR;
				CLANG_WARN_EMPTY_BODY = YES;
				CLANG_WARN_ENUM_CONVERSION = YES;
				CLANG_WARN_INT_CONVERSION = YES;
				CLANG_WARN_OBJC_ROOT_CLASS = YES_ERROR;
				CLANG_WARN__DUPLICATE_METHOD_MATCH = YES;
				"CODE_SIGN_IDENTITY[sdk=iphoneos*]" = "iPhone Developer";
				COPY_PHASE_STRIP = NO;
				GCC_C_LANGUAGE_STANDARD = gnu99;
				GCC_DYNAMIC_NO_PIC = NO;
				GCC_OPTIMIZATION_LEVEL = 0;
				GCC_PREPROCESSOR_DEFINITIONS = (
					"DEBUG=1",
					"$(inherited)",
				);
				GCC_SYMBOLS_PRIVATE_EXTERN = NO;
				GCC_WARN_64_TO_32_BIT_CONVERSION = YES;
				GCC_WARN_ABOUT_RETURN_TYPE = YES_ERROR;
				GCC_WARN_UNDECLARED_SELECTOR = YES;
				GCC_WARN_UNINITIALIZED_AUTOS = YES;
				GCC_WARN_UNUSED_FUNCTION = YES;
				GCC_WARN_UNUSED_VARIABLE = YES;
				IPHONEOS_DEPLOYMENT_TARGET = 7.0;
				ONLY_ACTIVE_ARCH = YES;
				SDKROOT = iphoneos;
				TARGETED_DEVICE_FAMILY = "1,2";
			};
			name = Debug;
		};
		1436A5A4182B1C5E00C65735 /* Release */ = {
			isa = XCBuildConfiguration;
			buildSettings = {
				ALWAYS_SEARCH_USER_PATHS = NO;
				CLANG_CXX_LANGUAGE_STANDARD = "gnu++0x";
				CLANG_CXX_LIBRARY = "libc++";
				CLANG_ENABLE_MODULES = YES;
				CLANG_ENABLE_OBJC_ARC = YES;
				CLANG_WARN_BOOL_CONVERSION = YES;
				CLANG_WARN_CONSTANT_CONVERSION = YES;
				CLANG_WARN_DIRECT_OBJC_ISA_USAGE = YES_ERROR;
				CLANG_WARN_EMPTY_BODY = YES;
				CLANG_WARN_ENUM_CONVERSION = YES;
				CLANG_WARN_INT_CONVERSION = YES;
				CLANG_WARN_OBJC_ROOT_CLASS = YES_ERROR;
				CLANG_WARN__DUPLICATE_METHOD_MATCH = YES;
				"CODE_SIGN_IDENTITY[sdk=iphoneos*]" = "iPhone Developer";
				COPY_PHASE_STRIP = YES;
				ENABLE_NS_ASSERTIONS = NO;
				GCC_C_LANGUAGE_STANDARD = gnu99;
				GCC_WARN_64_TO_32_BIT_CONVERSION = YES;
				GCC_WARN_ABOUT_RETURN_TYPE = YES_ERROR;
				GCC_WARN_UNDECLARED_SELECTOR = YES;
				GCC_WARN_UNINITIALIZED_AUTOS = YES;
				GCC_WARN_UNUSED_FUNCTION = YES;
				GCC_WARN_UNUSED_VARIABLE = YES;
				IPHONEOS_DEPLOYMENT_TARGET = 7.0;
				SDKROOT = iphoneos;
				TARGETED_DEVICE_FAMILY = "1,2";
				VALIDATE_PRODUCT = YES;
			};
			name = Release;
		};
		1436A5A6182B1C5E00C65735 /* Debug */ = {
			isa = XCBuildConfiguration;
			buildSettings = {
				ASSETCATALOG_COMPILER_APPICON_NAME = AppIcon;
				ASSETCATALOG_COMPILER_LAUNCHIMAGE_NAME = LaunchImage;
				GCC_PRECOMPILE_PREFIX_HEADER = YES;
				GCC_PREFIX_HEADER = "InputCandidateView/InputCandidateView-Prefix.pch";
				INFOPLIST_FILE = "InputCandidateView/InputCandidateView-Info.plist";
				PRODUCT_NAME = "$(TARGET_NAME)";
				WRAPPER_EXTENSION = app;
			};
			name = Debug;
		};
		1436A5A7182B1C5E00C65735 /* Release */ = {
			isa = XCBuildConfiguration;
			buildSettings = {
				ASSETCATALOG_COMPILER_APPICON_NAME = AppIcon;
				ASSETCATALOG_COMPILER_LAUNCHIMAGE_NAME = LaunchImage;
				GCC_PRECOMPILE_PREFIX_HEADER = YES;
				GCC_PREFIX_HEADER = "InputCandidateView/InputCandidateView-Prefix.pch";
				INFOPLIST_FILE = "InputCandidateView/InputCandidateView-Info.plist";
				PRODUCT_NAME = "$(TARGET_NAME)";
				WRAPPER_EXTENSION = app;
			};
			name = Release;
		};
		148E2DC7182C33860066D8A2 /* Debug */ = {
			isa = XCBuildConfiguration;
			buildSettings = {
				DSTROOT = /tmp/UZInputCandidateAccessory.dst;
				GCC_PRECOMPILE_PREFIX_HEADER = YES;
				GCC_PREFIX_HEADER = "InputCandidateView/InputCandidateView-Prefix.pch";
				GCC_PREPROCESSOR_DEFINITIONS = (
					"DEBUG=1",
					"$(inherited)",
				);
				OTHER_LDFLAGS = "-ObjC";
				PRODUCT_NAME = "$(TARGET_NAME)";
				SKIP_INSTALL = YES;
			};
			name = Debug;
		};
		148E2DC8182C33860066D8A2 /* Release */ = {
			isa = XCBuildConfiguration;
			buildSettings = {
				DSTROOT = /tmp/UZInputCandidateAccessory.dst;
				GCC_PRECOMPILE_PREFIX_HEADER = YES;
				GCC_PREFIX_HEADER = "InputCandidateView/InputCandidateView-Prefix.pch";
				OTHER_LDFLAGS = "-ObjC";
				PRODUCT_NAME = "$(TARGET_NAME)";
				SKIP_INSTALL = YES;
			};
			name = Release;
		};
/* End XCBuildConfiguration section */

/* Begin XCConfigurationList section */
		1436A56B182B1C5E00C65735 /* Build configuration list for PBXProject "InputCandidateView" */ = {
			isa = XCConfigurationList;
			buildConfigurations = (
				1436A5A3182B1C5E00C65735 /* Debug */,
				1436A5A4182B1C5E00C65735 /* Release */,
			);
			defaultConfigurationIsVisible = 0;
			defaultConfigurationName = Release;
		};
		1436A5A5182B1C5E00C65735 /* Build configuration list for PBXNativeTarget "InputCandidateView" */ = {
			isa = XCConfigurationList;
			buildConfigurations = (
				1436A5A6182B1C5E00C65735 /* Debug */,
				1436A5A7182B1C5E00C65735 /* Release */,
			);
			defaultConfigurationIsVisible = 0;
			defaultConfigurationName = Release;
		};
		148E2DC6182C33860066D8A2 /* Build configuration list for PBXNativeTarget "UZInputCandidateAccessory" */ = {
			isa = XCConfigurationList;
			buildConfigurations = (
				148E2DC7182C33860066D8A2 /* Debug */,
				148E2DC8182C33860066D8A2 /* Release */,
			);
			defaultConfigurationIsVisible = 0;
			defaultConfigurationName = Release;
		};
/* End XCConfigurationList section */
	};
	rootObject = 1436A568182B1C5E00C65735 /* Project object */;
}
